
Microsoft Visual Studio Solution File, Format Version 12.00
# Visual Studio Version 16
VisualStudioVersion = 16.0.32802.440
MinimumVisualStudioVersion = 10.0.40219.1
Project("{F184B08F-C81C-45F6-A57F-5ABD9991F28F}") = "IE Opener", "IE Opener\IE Opener.vbproj", "{AAAB6473-63E2-486E-AD01-14ADB96F0C27}"
EndProject
Global
	GlobalSection(SolutionConfigurationPlatforms) = preSolution
		Debug|Any CPU = Debug|Any CPU
		Release|Any CPU = Release|Any CPU
	EndGlobalSection
	GlobalSection(ProjectConfigurationPlatforms) = postSolution
		{AAAB6473-63E2-486E-AD01-14ADB96F0C27}.Debug|Any CPU.ActiveCfg = Debug|Any CPU
		{AAAB6473-63E2-486E-AD01-14ADB96F0C27}.Debug|Any CPU.Build.0 = Debug|Any CPU
		{AAAB6473-63E2-486E-AD01-14ADB96F0C27}.Release|Any CPU.ActiveCfg = Release|Any CPU
		{AAAB6473-63E2-486E-AD01-14ADB96F0C27}.Release|Any CPU.Build.0 = Release|Any CPU
	EndGlobalSection
	GlobalSection(SolutionProperties) = preSolution
		HideSolutionNode = FALSE
	EndGlobalSection
	GlobalSection(ExtensibilityGlobals) = postSolution
		SolutionGuid = {5CC81CB0-39AA-4C2C-9B2F-8B7A46BCAA62}
	EndGlobalSection
EndGlobal
